
Microsoft Visual Studio Solution File, Format Version 12.00
# Visual Studio Version 16
VisualStudioVersion = 16.0.28922.388
MinimumVisualStudioVersion = 10.0.40219.1
Project("{8BC9CEB8-8B4A-11D0-8D11-00A0C91BC942}") = "PipelineSimulator", "PipelineSimulator.vcxproj", "{D76AA5F6-A282-4BF7-8BD4-CBE8A0AF1A18}"
EndProject
Global
	GlobalSection(SolutionConfigurationPlatforms) = preSolution
		Debug|x64 = Debug|x64
		Debug|x86 = Debug|x86
		Release|x64 = Release|x64
		Release|x86 = Release|x86
	EndGlobalSection
	GlobalSection(ProjectConfigurationPlatforms) = postSolution
		{D76AA5F6-A282-4BF7-8BD4-CBE8A0AF1A18}.Debug|x64.ActiveCfg = Debug|x64
		{D76AA5F6-A282-4BF7-8BD4-CBE8A0AF1A18}.Debug|x64.Build.0 = Debug|x64
		{D76AA5F6-A282-4BF7-8BD4-CBE8A0AF1A18}.Debug|x86.ActiveCfg = Debug|Win32
		{D76AA5F6-A282-4BF7-8BD4-CBE8A0AF1A18}.Debug|x86.Build.0 = Debug|Win32
		{D76AA5F6-A282-4BF7-8BD4-CBE8A0AF1A18}.Release|x64.ActiveCfg = Release|x64
		{D76AA5F6-A282-4BF7-8BD4-CBE8A0AF1A18}.Release|x64.Build.0 = Release|x64
		{D76AA5F6-A282-4BF7-8BD4-CBE8A0AF1A18}.Release|x86.ActiveCfg = Release|Win32
		{D76AA5F6-A282-4BF7-8BD4-CBE8A0AF1A18}.Release|x86.Build.0 = Release|Win32
	EndGlobalSection
	GlobalSection(SolutionProperties) = preSolution
		HideSolutionNode = FALSE
	EndGlobalSection
	GlobalSection(ExtensibilityGlobals) = postSolution
		SolutionGuid = {17C3E5FD-11F7-48B0-A19A-E5C7B2960785}
	EndGlobalSection
EndGlobal
